
Microsoft Visual Studio Solution File, Format Version 12.00
# Visual Studio Version 17
VisualStudioVersion = 17.2.32616.157
MinimumVisualStudioVersion = 10.0.40219.1
Project("{FAE04EC0-301F-11D3-BF4B-00C04F79EFBC}") = "Assignment", "Assignment.csproj", "{9BAF34FF-5396-4D4E-B449-A2CFE5699CB9}"
EndProject
Global
	GlobalSection(SolutionConfigurationPlatforms) = preSolution
		Debug|Any CPU = Debug|Any CPU
		Release|Any CPU = Release|Any CPU
	EndGlobalSection
	GlobalSection(ProjectConfigurationPlatforms) = postSolution
		{9BAF34FF-5396-4D4E-B449-A2CFE5699CB9}.Debug|Any CPU.ActiveCfg = Debug|Any CPU
		{9BAF34FF-5396-4D4E-B449-A2CFE5699CB9}.Debug|Any CPU.Build.0 = Debug|Any CPU
		{9BAF34FF-5396-4D4E-B449-A2CFE5699CB9}.Release|Any CPU.ActiveCfg = Release|Any CPU
		{9BAF34FF-5396-4D4E-B449-A2CFE5699CB9}.Release|Any CPU.Build.0 = Release|Any CPU
	EndGlobalSection
	GlobalSection(SolutionProperties) = preSolution
		HideSolutionNode = FALSE
	EndGlobalSection
	GlobalSection(ExtensibilityGlobals) = postSolution
		SolutionGuid = {82DBEE0F-FEE7-4FEC-9662-2180E91D3B71}
	EndGlobalSection
EndGlobal
